
Microsoft Visual Studio Solution File, Format Version 12.00
# Visual Studio Version 16
VisualStudioVersion = 16.0.29519.87
MinimumVisualStudioVersion = 10.0.40219.1
Project("{FAE04EC0-301F-11D3-BF4B-00C04F79EFBC}") = "AvaloniaDesigner", "AvaloniaDesigner\AvaloniaDesigner.csproj", "{622C4303-2568-4523-A121-DDC4D5EDB865}"
EndProject
Global
	GlobalSection(SolutionConfigurationPlatforms) = preSolution
		Debug|Any CPU = Debug|Any CPU
		Release|Any CPU = Release|Any CPU
	EndGlobalSection
	GlobalSection(ProjectConfigurationPlatforms) = postSolution
		{622C4303-2568-4523-A121-DDC4D5EDB865}.Debug|Any CPU.ActiveCfg = Debug|Any CPU
		{622C4303-2568-4523-A121-DDC4D5EDB865}.Debug|Any CPU.Build.0 = Debug|Any CPU
		{622C4303-2568-4523-A121-DDC4D5EDB865}.Release|Any CPU.ActiveCfg = Release|Any CPU
		{622C4303-2568-4523-A121-DDC4D5EDB865}.Release|Any CPU.Build.0 = Release|Any CPU
	EndGlobalSection
	GlobalSection(SolutionProperties) = preSolution
		HideSolutionNode = FALSE
	EndGlobalSection
	GlobalSection(ExtensibilityGlobals) = postSolution
		SolutionGuid = {6193B174-1AD7-46D0-8006-691779D069F3}
	EndGlobalSection
EndGlobal
