
Microsoft Visual Studio Solution File, Format Version 12.00
# Visual Studio Version 16
VisualStudioVersion = 16.0.29311.281
MinimumVisualStudioVersion = 10.0.40219.1
Project("{9A19103F-16F7-4668-BE54-9A1E7A4F7556}") = "Designer", "AvaloniaDesigner\Designer.csproj", "{622C4303-2568-4523-A121-DDC4D5EDB865}"
EndProject
Project("{9A19103F-16F7-4668-BE54-9A1E7A4F7556}") = "Designer.Core", "ZafiroDesigner.Core\Designer.Core\Designer.Core.csproj", "{2CC0E1CC-2E21-4A1A-8096-425E5B90C84D}"
EndProject
Project("{9A19103F-16F7-4668-BE54-9A1E7A4F7556}") = "Designer.Domain.Models", "ZafiroDesigner.Core\Designer.Domain.Models\Designer.Domain.Models.csproj", "{47E9AA7F-007C-4A55-81C3-E1A935674452}"
EndProject
Project("{9A19103F-16F7-4668-BE54-9A1E7A4F7556}") = "Designer.Domain.ViewModels", "ZafiroDesigner.Core\Designer.Domain.ViewModels\Designer.Domain.ViewModels.csproj", "{FD0BD9BB-9DF3-4382-9E79-022CA7C60C1B}"
EndProject
Project("{9A19103F-16F7-4668-BE54-9A1E7A4F7556}") = "Zafiro.Avalonia", "ZafiroDesigner.Core\Zafiro\Source\Zafiro.Avalonia\Zafiro.Avalonia.csproj", "{C79417F2-EFEB-4EF8-B50B-BA0F2745931A}"
EndProject
Project("{9A19103F-16F7-4668-BE54-9A1E7A4F7556}") = "Zafiro.Avalonia.Design", "ZafiroDesigner.Core\Zafiro\Source\Zafiro.Avalonia.Design\Zafiro.Avalonia.Design.csproj", "{4700F5CF-5990-4908-B9DC-72BB7304D13A}"
EndProject
Project("{9A19103F-16F7-4668-BE54-9A1E7A4F7556}") = "Zafiro.Core", "ZafiroDesigner.Core\Zafiro\Source\Zafiro.Core\Zafiro.Core.csproj", "{D4B99DD9-64B4-4662-8BFA-10B417F59288}"
EndProject
Global
	GlobalSection(SolutionConfigurationPlatforms) = preSolution
		Debug|Any CPU = Debug|Any CPU
		Debug|ARM = Debug|ARM
		Debug|ARM64 = Debug|ARM64
		Debug|x64 = Debug|x64
		Debug|x86 = Debug|x86
		Release|Any CPU = Release|Any CPU
		Release|ARM = Release|ARM
		Release|ARM64 = Release|ARM64
		Release|x64 = Release|x64
		Release|x86 = Release|x86
	EndGlobalSection
	GlobalSection(ProjectConfigurationPlatforms) = postSolution
		{622C4303-2568-4523-A121-DDC4D5EDB865}.Debug|Any CPU.ActiveCfg = Debug|Any CPU
		{622C4303-2568-4523-A121-DDC4D5EDB865}.Debug|Any CPU.Build.0 = Debug|Any CPU
		{622C4303-2568-4523-A121-DDC4D5EDB865}.Debug|ARM.ActiveCfg = Debug|Any CPU
		{622C4303-2568-4523-A121-DDC4D5EDB865}.Debug|ARM.Build.0 = Debug|Any CPU
		{622C4303-2568-4523-A121-DDC4D5EDB865}.Debug|ARM64.ActiveCfg = Debug|Any CPU
		{622C4303-2568-4523-A121-DDC4D5EDB865}.Debug|ARM64.Build.0 = Debug|Any CPU
		{622C4303-2568-4523-A121-DDC4D5EDB865}.Debug|x64.ActiveCfg = Debug|Any CPU
		{622C4303-2568-4523-A121-DDC4D5EDB865}.Debug|x64.Build.0 = Debug|Any CPU
		{622C4303-2568-4523-A121-DDC4D5EDB865}.Debug|x86.ActiveCfg = Debug|Any CPU
		{622C4303-2568-4523-A121-DDC4D5EDB865}.Debug|x86.Build.0 = Debug|Any CPU
		{622C4303-2568-4523-A121-DDC4D5EDB865}.Release|Any CPU.ActiveCfg = Release|Any CPU
		{622C4303-2568-4523-A121-DDC4D5EDB865}.Release|Any CPU.Build.0 = Release|Any CPU
		{622C4303-2568-4523-A121-DDC4D5EDB865}.Release|ARM.ActiveCfg = Release|Any CPU
		{622C4303-2568-4523-A121-DDC4D5EDB865}.Release|ARM.Build.0 = Release|Any CPU
		{622C4303-2568-4523-A121-DDC4D5EDB865}.Release|ARM64.ActiveCfg = Release|Any CPU
		{622C4303-2568-4523-A121-DDC4D5EDB865}.Release|ARM64.Build.0 = Release|Any CPU
		{622C4303-2568-4523-A121-DDC4D5EDB865}.Release|x64.ActiveCfg = Release|Any CPU
		{622C4303-2568-4523-A121-DDC4D5EDB865}.Release|x64.Build.0 = Release|Any CPU
		{622C4303-2568-4523-A121-DDC4D5EDB865}.Release|x86.ActiveCfg = Release|Any CPU
		{622C4303-2568-4523-A121-DDC4D5EDB865}.Release|x86.Build.0 = Release|Any CPU
		{2CC0E1CC-2E21-4A1A-8096-425E5B90C84D}.Debug|Any CPU.ActiveCfg = Debug|Any CPU
		{2CC0E1CC-2E21-4A1A-8096-425E5B90C84D}.Debug|Any CPU.Build.0 = Debug|Any CPU
		{2CC0E1CC-2E21-4A1A-8096-425E5B90C84D}.Debug|ARM.ActiveCfg = Debug|Any CPU
		{2CC0E1CC-2E21-4A1A-8096-425E5B90C84D}.Debug|ARM.Build.0 = Debug|Any CPU
		{2CC0E1CC-2E21-4A1A-8096-425E5B90C84D}.Debug|ARM64.ActiveCfg = Debug|Any CPU
		{2CC0E1CC-2E21-4A1A-8096-425E5B90C84D}.Debug|ARM64.Build.0 = Debug|Any CPU
		{2CC0E1CC-2E21-4A1A-8096-425E5B90C84D}.Debug|x64.ActiveCfg = Debug|Any CPU
		{2CC0E1CC-2E21-4A1A-8096-425E5B90C84D}.Debug|x64.Build.0 = Debug|Any CPU
		{2CC0E1CC-2E21-4A1A-8096-425E5B90C84D}.Debug|x86.ActiveCfg = Debug|Any CPU
		{2CC0E1CC-2E21-4A1A-8096-425E5B90C84D}.Debug|x86.Build.0 = Debug|Any CPU
		{2CC0E1CC-2E21-4A1A-8096-425E5B90C84D}.Release|Any CPU.ActiveCfg = Release|Any CPU
		{2CC0E1CC-2E21-4A1A-8096-425E5B90C84D}.Release|Any CPU.Build.0 = Release|Any CPU
		{2CC0E1CC-2E21-4A1A-8096-425E5B90C84D}.Release|ARM.ActiveCfg = Release|Any CPU
		{2CC0E1CC-2E21-4A1A-8096-425E5B90C84D}.Release|ARM.Build.0 = Release|Any CPU
		{2CC0E1CC-2E21-4A1A-8096-425E5B90C84D}.Release|ARM64.ActiveCfg = Release|Any CPU
		{2CC0E1CC-2E21-4A1A-8096-425E5B90C84D}.Release|ARM64.Build.0 = Release|Any CPU
		{2CC0E1CC-2E21-4A1A-8096-425E5B90C84D}.Release|x64.ActiveCfg = Release|Any CPU
		{2CC0E1CC-2E21-4A1A-8096-425E5B90C84D}.Release|x64.Build.0 = Release|Any CPU
		{2CC0E1CC-2E21-4A1A-8096-425E5B90C84D}.Release|x86.ActiveCfg = Release|Any CPU
		{2CC0E1CC-2E21-4A1A-8096-425E5B90C84D}.Release|x86.Build.0 = Release|Any CPU
		{47E9AA7F-007C-4A55-81C3-E1A935674452}.Debug|Any CPU.ActiveCfg = Debug|Any CPU
		{47E9AA7F-007C-4A55-81C3-E1A935674452}.Debug|Any CPU.Build.0 = Debug|Any CPU
		{47E9AA7F-007C-4A55-81C3-E1A935674452}.Debug|ARM.ActiveCfg = Debug|Any CPU
		{47E9AA7F-007C-4A55-81C3-E1A935674452}.Debug|ARM.Build.0 = Debug|Any CPU
		{47E9AA7F-007C-4A55-81C3-E1A935674452}.Debug|ARM64.ActiveCfg = Debug|Any CPU
		{47E9AA7F-007C-4A55-81C3-E1A935674452}.Debug|ARM64.Build.0 = Debug|Any CPU
		{47E9AA7F-007C-4A55-81C3-E1A935674452}.Debug|x64.ActiveCfg = Debug|Any CPU
		{47E9AA7F-007C-4A55-81C3-E1A935674452}.Debug|x64.Build.0 = Debug|Any CPU
		{47E9AA7F-007C-4A55-81C3-E1A935674452}.Debug|x86.ActiveCfg = Debug|Any CPU
		{47E9AA7F-007C-4A55-81C3-E1A935674452}.Debug|x86.Build.0 = Debug|Any CPU
		{47E9AA7F-007C-4A55-81C3-E1A935674452}.Release|Any CPU.ActiveCfg = Release|Any CPU
		{47E9AA7F-007C-4A55-81C3-E1A935674452}.Release|Any CPU.Build.0 = Release|Any CPU
		{47E9AA7F-007C-4A55-81C3-E1A935674452}.Release|ARM.ActiveCfg = Release|Any CPU
		{47E9AA7F-007C-4A55-81C3-E1A935674452}.Release|ARM.Build.0 = Release|Any CPU
		{47E9AA7F-007C-4A55-81C3-E1A935674452}.Release|ARM64.ActiveCfg = Release|Any CPU
		{47E9AA7F-007C-4A55-81C3-E1A935674452}.Release|ARM64.Build.0 = Release|Any CPU
		{47E9AA7F-007C-4A55-81C3-E1A935674452}.Release|x64.ActiveCfg = Release|Any CPU
		{47E9AA7F-007C-4A55-81C3-E1A935674452}.Release|x64.Build.0 = Release|Any CPU
		{47E9AA7F-007C-4A55-81C3-E1A935674452}.Release|x86.ActiveCfg = Release|Any CPU
		{47E9AA7F-007C-4A55-81C3-E1A935674452}.Release|x86.Build.0 = Release|Any CPU
		{FD0BD9BB-9DF3-4382-9E79-022CA7C60C1B}.Debug|Any CPU.ActiveCfg = Debug|Any CPU
		{FD0BD9BB-9DF3-4382-9E79-022CA7C60C1B}.Debug|Any CPU.Build.0 = Debug|Any CPU
		{FD0BD9BB-9DF3-4382-9E79-022CA7C60C1B}.Debug|ARM.ActiveCfg = Debug|Any CPU
		{FD0BD9BB-9DF3-4382-9E79-022CA7C60C1B}.Debug|ARM.Build.0 = Debug|Any CPU
		{FD0BD9BB-9DF3-4382-9E79-022CA7C60C1B}.Debug|ARM64.ActiveCfg = Debug|Any CPU
		{FD0BD9BB-9DF3-4382-9E79-022CA7C60C1B}.Debug|ARM64.Build.0 = Debug|Any CPU
		{FD0BD9BB-9DF3-4382-9E79-022CA7C60C1B}.Debug|x64.ActiveCfg = Debug|Any CPU
		{FD0BD9BB-9DF3-4382-9E79-022CA7C60C1B}.Debug|x64.Build.0 = Debug|Any CPU
		{FD0BD9BB-9DF3-4382-9E79-022CA7C60C1B}.Debug|x86.ActiveCfg = Debug|Any CPU
		{FD0BD9BB-9DF3-4382-9E79-022CA7C60C1B}.Debug|x86.Build.0 = Debug|Any CPU
		{FD0BD9BB-9DF3-4382-9E79-022CA7C60C1B}.Release|Any CPU.ActiveCfg = Release|Any CPU
		{FD0BD9BB-9DF3-4382-9E79-022CA7C60C1B}.Release|Any CPU.Build.0 = Release|Any CPU
		{FD0BD9BB-9DF3-4382-9E79-022CA7C60C1B}.Release|ARM.ActiveCfg = Release|Any CPU
		{FD0BD9BB-9DF3-4382-9E79-022CA7C60C1B}.Release|ARM.Build.0 = Release|Any CPU
		{FD0BD9BB-9DF3-4382-9E79-022CA7C60C1B}.Release|ARM64.ActiveCfg = Release|Any CPU
		{FD0BD9BB-9DF3-4382-9E79-022CA7C60C1B}.Release|ARM64.Build.0 = Release|Any CPU
		{FD0BD9BB-9DF3-4382-9E79-022CA7C60C1B}.Release|x64.ActiveCfg = Release|Any CPU
		{FD0BD9BB-9DF3-4382-9E79-022CA7C60C1B}.Release|x64.Build.0 = Release|Any CPU
		{FD0BD9BB-9DF3-4382-9E79-022CA7C60C1B}.Release|x86.ActiveCfg = Release|Any CPU
		{FD0BD9BB-9DF3-4382-9E79-022CA7C60C1B}.Release|x86.Build.0 = Release|Any CPU
		{C79417F2-EFEB-4EF8-B50B-BA0F2745931A}.Debug|Any CPU.ActiveCfg = Debug|Any CPU
		{C79417F2-EFEB-4EF8-B50B-BA0F2745931A}.Debug|Any CPU.Build.0 = Debug|Any CPU
		{C79417F2-EFEB-4EF8-B50B-BA0F2745931A}.Debug|ARM.ActiveCfg = Debug|Any CPU
		{C79417F2-EFEB-4EF8-B50B-BA0F2745931A}.Debug|ARM.Build.0 = Debug|Any CPU
		{C79417F2-EFEB-4EF8-B50B-BA0F2745931A}.Debug|ARM64.ActiveCfg = Debug|Any CPU
		{C79417F2-EFEB-4EF8-B50B-BA0F2745931A}.Debug|ARM64.Build.0 = Debug|Any CPU
		{C79417F2-EFEB-4EF8-B50B-BA0F2745931A}.Debug|x64.ActiveCfg = Debug|Any CPU
		{C79417F2-EFEB-4EF8-B50B-BA0F2745931A}.Debug|x64.Build.0 = Debug|Any CPU
		{C79417F2-EFEB-4EF8-B50B-BA0F2745931A}.Debug|x86.ActiveCfg = Debug|Any CPU
		{C79417F2-EFEB-4EF8-B50B-BA0F2745931A}.Debug|x86.Build.0 = Debug|Any CPU
		{C79417F2-EFEB-4EF8-B50B-BA0F2745931A}.Release|Any CPU.ActiveCfg = Release|Any CPU
		{C79417F2-EFEB-4EF8-B50B-BA0F2745931A}.Release|Any CPU.Build.0 = Release|Any CPU
		{C79417F2-EFEB-4EF8-B50B-BA0F2745931A}.Release|ARM.ActiveCfg = Release|Any CPU
		{C79417F2-EFEB-4EF8-B50B-BA0F2745931A}.Release|ARM.Build.0 = Release|Any CPU
		{C79417F2-EFEB-4EF8-B50B-BA0F2745931A}.Release|ARM64.ActiveCfg = Release|Any CPU
		{C79417F2-EFEB-4EF8-B50B-BA0F2745931A}.Release|ARM64.Build.0 = Release|Any CPU
		{C79417F2-EFEB-4EF8-B50B-BA0F2745931A}.Release|x64.ActiveCfg = Release|Any CPU
		{C79417F2-EFEB-4EF8-B50B-BA0F2745931A}.Release|x64.Build.0 = Release|Any CPU
		{C79417F2-EFEB-4EF8-B50B-BA0F2745931A}.Release|x86.ActiveCfg = Release|Any CPU
		{C79417F2-EFEB-4EF8-B50B-BA0F2745931A}.Release|x86.Build.0 = Release|Any CPU
		{4700F5CF-5990-4908-B9DC-72BB7304D13A}.Debug|Any CPU.ActiveCfg = Debug|Any CPU
		{4700F5CF-5990-4908-B9DC-72BB7304D13A}.Debug|Any CPU.Build.0 = Debug|Any CPU
		{4700F5CF-5990-4908-B9DC-72BB7304D13A}.Debug|ARM.ActiveCfg = Debug|Any CPU
		{4700F5CF-5990-4908-B9DC-72BB7304D13A}.Debug|ARM.Build.0 = Debug|Any CPU
		{4700F5CF-5990-4908-B9DC-72BB7304D13A}.Debug|ARM64.ActiveCfg = Debug|Any CPU
		{4700F5CF-5990-4908-B9DC-72BB7304D13A}.Debug|ARM64.Build.0 = Debug|Any CPU
		{4700F5CF-5990-4908-B9DC-72BB7304D13A}.Debug|x64.ActiveCfg = Debug|Any CPU
		{4700F5CF-5990-4908-B9DC-72BB7304D13A}.Debug|x64.Build.0 = Debug|Any CPU
		{4700F5CF-5990-4908-B9DC-72BB7304D13A}.Debug|x86.ActiveCfg = Debug|Any CPU
		{4700F5CF-5990-4908-B9DC-72BB7304D13A}.Debug|x86.Build.0 = Debug|Any CPU
		{4700F5CF-5990-4908-B9DC-72BB7304D13A}.Release|Any CPU.ActiveCfg = Release|Any CPU
		{4700F5CF-5990-4908-B9DC-72BB7304D13A}.Release|Any CPU.Build.0 = Release|Any CPU
		{4700F5CF-5990-4908-B9DC-72BB7304D13A}.Release|ARM.ActiveCfg = Release|Any CPU
		{4700F5CF-5990-4908-B9DC-72BB7304D13A}.Release|ARM.Build.0 = Release|Any CPU
		{4700F5CF-5990-4908-B9DC-72BB7304D13A}.Release|ARM64.ActiveCfg = Release|Any CPU
		{4700F5CF-5990-4908-B9DC-72BB7304D13A}.Release|ARM64.Build.0 = Release|Any CPU
		{4700F5CF-5990-4908-B9DC-72BB7304D13A}.Release|x64.ActiveCfg = Release|Any CPU
		{4700F5CF-5990-4908-B9DC-72BB7304D13A}.Release|x64.Build.0 = Release|Any CPU
		{4700F5CF-5990-4908-B9DC-72BB7304D13A}.Release|x86.ActiveCfg = Release|Any CPU
		{4700F5CF-5990-4908-B9DC-72BB7304D13A}.Release|x86.Build.0 = Release|Any CPU
		{D4B99DD9-64B4-4662-8BFA-10B417F59288}.Debug|Any CPU.ActiveCfg = Debug|Any CPU
		{D4B99DD9-64B4-4662-8BFA-10B417F59288}.Debug|Any CPU.Build.0 = Debug|Any CPU
		{D4B99DD9-64B4-4662-8BFA-10B417F59288}.Debug|ARM.ActiveCfg = Debug|Any CPU
		{D4B99DD9-64B4-4662-8BFA-10B417F59288}.Debug|ARM.Build.0 = Debug|Any CPU
		{D4B99DD9-64B4-4662-8BFA-10B417F59288}.Debug|ARM64.ActiveCfg = Debug|Any CPU
		{D4B99DD9-64B4-4662-8BFA-10B417F59288}.Debug|ARM64.Build.0 = Debug|Any CPU
		{D4B99DD9-64B4-4662-8BFA-10B417F59288}.Debug|x64.ActiveCfg = Debug|Any CPU
		{D4B99DD9-64B4-4662-8BFA-10B417F59288}.Debug|x64.Build.0 = Debug|Any CPU
		{D4B99DD9-64B4-4662-8BFA-10B417F59288}.Debug|x86.ActiveCfg = Debug|Any CPU
		{D4B99DD9-64B4-4662-8BFA-10B417F59288}.Debug|x86.Build.0 = Debug|Any CPU
		{D4B99DD9-64B4-4662-8BFA-10B417F59288}.Release|Any CPU.ActiveCfg = Release|Any CPU
		{D4B99DD9-64B4-4662-8BFA-10B417F59288}.Release|Any CPU.Build.0 = Release|Any CPU
		{D4B99DD9-64B4-4662-8BFA-10B417F59288}.Release|ARM.ActiveCfg = Release|Any CPU
		{D4B99DD9-64B4-4662-8BFA-10B417F59288}.Release|ARM.Build.0 = Release|Any CPU
		{D4B99DD9-64B4-4662-8BFA-10B417F59288}.Release|ARM64.ActiveCfg = Release|Any CPU
		{D4B99DD9-64B4-4662-8BFA-10B417F59288}.Release|ARM64.Build.0 = Release|Any CPU
		{D4B99DD9-64B4-4662-8BFA-10B417F59288}.Release|x64.ActiveCfg = Release|Any CPU
		{D4B99DD9-64B4-4662-8BFA-10B417F59288}.Release|x64.Build.0 = Release|Any CPU
		{D4B99DD9-64B4-4662-8BFA-10B417F59288}.Release|x86.ActiveCfg = Release|Any CPU
		{D4B99DD9-64B4-4662-8BFA-10B417F59288}.Release|x86.Build.0 = Release|Any CPU
	EndGlobalSection
	GlobalSection(SolutionProperties) = preSolution
		HideSolutionNode = FALSE
	EndGlobalSection
	GlobalSection(ExtensibilityGlobals) = postSolution
		SolutionGuid = {29DED936-8A8F-43AC-9B34-2E248FF050F0}
	EndGlobalSection
EndGlobal
