
Microsoft Visual Studio Solution File, Format Version 12.00
# Visual Studio Version 17
VisualStudioVersion = 17.3.32922.545
MinimumVisualStudioVersion = 10.0.40219.1
Project("{9A19103F-16F7-4668-BE54-9A1E7A4F7556}") = "Designer", "AvaloniaDesigner\Designer.csproj", "{622C4303-2568-4523-A121-DDC4D5EDB865}"
EndProject
Project("{9A19103F-16F7-4668-BE54-9A1E7A4F7556}") = "Zafiro.Avalonia", "ZafiroDesigner.Core\Zafiro\Source\Zafiro.Avalonia\Zafiro.Avalonia.csproj", "{C79417F2-EFEB-4EF8-B50B-BA0F2745931A}"
EndProject
Project("{9A19103F-16F7-4668-BE54-9A1E7A4F7556}") = "Zafiro.Avalonia.Design", "ZafiroDesigner.Core\Zafiro\Source\Zafiro.Avalonia.Design\Zafiro.Avalonia.Design.csproj", "{4700F5CF-5990-4908-B9DC-72BB7304D13A}"
EndProject
Project("{9A19103F-16F7-4668-BE54-9A1E7A4F7556}") = "Zafiro.Core", "ZafiroDesigner.Core\Zafiro\Source\Zafiro.Core\Zafiro.Core.csproj", "{D4B99DD9-64B4-4662-8BFA-10B417F59288}"
EndProject
Project("{9A19103F-16F7-4668-BE54-9A1E7A4F7556}") = "Designer.Core", "Designer.Core\Designer.Core.csproj", "{0E32060F-AEA2-4D03-BD39-858858D1A902}"
EndProject
Project("{9A19103F-16F7-4668-BE54-9A1E7A4F7556}") = "Designer.Domain.Models", "Designer.Domain.Models\Designer.Domain.Models.csproj", "{2E1F1CD7-5BC0-490A-9C2A-7FB9CF91A46F}"
EndProject
Project("{9A19103F-16F7-4668-BE54-9A1E7A4F7556}") = "Designer.Domain.ViewModels", "Designer.Domain.ViewModels\Designer.Domain.ViewModels.csproj", "{B5489E4E-4385-4AAF-B75A-8F5DA6779E41}"
EndProject
Global
	GlobalSection(SolutionConfigurationPlatforms) = preSolution
		Debug|Any CPU = Debug|Any CPU
		Debug|ARM = Debug|ARM
		Debug|ARM64 = Debug|ARM64
		Debug|x64 = Debug|x64
		Debug|x86 = Debug|x86
		Release|Any CPU = Release|Any CPU
		Release|ARM = Release|ARM
		Release|ARM64 = Release|ARM64
		Release|x64 = Release|x64
		Release|x86 = Release|x86
	EndGlobalSection
	GlobalSection(ProjectConfigurationPlatforms) = postSolution
		{622C4303-2568-4523-A121-DDC4D5EDB865}.Debug|Any CPU.ActiveCfg = Debug|Any CPU
		{622C4303-2568-4523-A121-DDC4D5EDB865}.Debug|Any CPU.Build.0 = Debug|Any CPU
		{622C4303-2568-4523-A121-DDC4D5EDB865}.Debug|ARM.ActiveCfg = Debug|Any CPU
		{622C4303-2568-4523-A121-DDC4D5EDB865}.Debug|ARM.Build.0 = Debug|Any CPU
		{622C4303-2568-4523-A121-DDC4D5EDB865}.Debug|ARM64.ActiveCfg = Debug|Any CPU
		{622C4303-2568-4523-A121-DDC4D5EDB865}.Debug|ARM64.Build.0 = Debug|Any CPU
		{622C4303-2568-4523-A121-DDC4D5EDB865}.Debug|x64.ActiveCfg = Debug|Any CPU
		{622C4303-2568-4523-A121-DDC4D5EDB865}.Debug|x64.Build.0 = Debug|Any CPU
		{622C4303-2568-4523-A121-DDC4D5EDB865}.Debug|x86.ActiveCfg = Debug|Any CPU
		{622C4303-2568-4523-A121-DDC4D5EDB865}.Debug|x86.Build.0 = Debug|Any CPU
		{622C4303-2568-4523-A121-DDC4D5EDB865}.Release|Any CPU.ActiveCfg = Release|Any CPU
		{622C4303-2568-4523-A121-DDC4D5EDB865}.Release|Any CPU.Build.0 = Release|Any CPU
		{622C4303-2568-4523-A121-DDC4D5EDB865}.Release|ARM.ActiveCfg = Release|Any CPU
		{622C4303-2568-4523-A121-DDC4D5EDB865}.Release|ARM.Build.0 = Release|Any CPU
		{622C4303-2568-4523-A121-DDC4D5EDB865}.Release|ARM64.ActiveCfg = Release|Any CPU
		{622C4303-2568-4523-A121-DDC4D5EDB865}.Release|ARM64.Build.0 = Release|Any CPU
		{622C4303-2568-4523-A121-DDC4D5EDB865}.Release|x64.ActiveCfg = Release|Any CPU
		{622C4303-2568-4523-A121-DDC4D5EDB865}.Release|x64.Build.0 = Release|Any CPU
		{622C4303-2568-4523-A121-DDC4D5EDB865}.Release|x86.ActiveCfg = Release|Any CPU
		{622C4303-2568-4523-A121-DDC4D5EDB865}.Release|x86.Build.0 = Release|Any CPU
		{C79417F2-EFEB-4EF8-B50B-BA0F2745931A}.Debug|Any CPU.ActiveCfg = Debug|Any CPU
		{C79417F2-EFEB-4EF8-B50B-BA0F2745931A}.Debug|Any CPU.Build.0 = Debug|Any CPU
		{C79417F2-EFEB-4EF8-B50B-BA0F2745931A}.Debug|ARM.ActiveCfg = Debug|Any CPU
		{C79417F2-EFEB-4EF8-B50B-BA0F2745931A}.Debug|ARM.Build.0 = Debug|Any CPU
		{C79417F2-EFEB-4EF8-B50B-BA0F2745931A}.Debug|ARM64.ActiveCfg = Debug|Any CPU
		{C79417F2-EFEB-4EF8-B50B-BA0F2745931A}.Debug|ARM64.Build.0 = Debug|Any CPU
		{C79417F2-EFEB-4EF8-B50B-BA0F2745931A}.Debug|x64.ActiveCfg = Debug|Any CPU
		{C79417F2-EFEB-4EF8-B50B-BA0F2745931A}.Debug|x64.Build.0 = Debug|Any CPU
		{C79417F2-EFEB-4EF8-B50B-BA0F2745931A}.Debug|x86.ActiveCfg = Debug|Any CPU
		{C79417F2-EFEB-4EF8-B50B-BA0F2745931A}.Debug|x86.Build.0 = Debug|Any CPU
		{C79417F2-EFEB-4EF8-B50B-BA0F2745931A}.Release|Any CPU.ActiveCfg = Release|Any CPU
		{C79417F2-EFEB-4EF8-B50B-BA0F2745931A}.Release|Any CPU.Build.0 = Release|Any CPU
		{C79417F2-EFEB-4EF8-B50B-BA0F2745931A}.Release|ARM.ActiveCfg = Release|Any CPU
		{C79417F2-EFEB-4EF8-B50B-BA0F2745931A}.Release|ARM.Build.0 = Release|Any CPU
		{C79417F2-EFEB-4EF8-B50B-BA0F2745931A}.Release|ARM64.ActiveCfg = Release|Any CPU
		{C79417F2-EFEB-4EF8-B50B-BA0F2745931A}.Release|ARM64.Build.0 = Release|Any CPU
		{C79417F2-EFEB-4EF8-B50B-BA0F2745931A}.Release|x64.ActiveCfg = Release|Any CPU
		{C79417F2-EFEB-4EF8-B50B-BA0F2745931A}.Release|x64.Build.0 = Release|Any CPU
		{C79417F2-EFEB-4EF8-B50B-BA0F2745931A}.Release|x86.ActiveCfg = Release|Any CPU
		{C79417F2-EFEB-4EF8-B50B-BA0F2745931A}.Release|x86.Build.0 = Release|Any CPU
		{4700F5CF-5990-4908-B9DC-72BB7304D13A}.Debug|Any CPU.ActiveCfg = Debug|Any CPU
		{4700F5CF-5990-4908-B9DC-72BB7304D13A}.Debug|Any CPU.Build.0 = Debug|Any CPU
		{4700F5CF-5990-4908-B9DC-72BB7304D13A}.Debug|ARM.ActiveCfg = Debug|Any CPU
		{4700F5CF-5990-4908-B9DC-72BB7304D13A}.Debug|ARM.Build.0 = Debug|Any CPU
		{4700F5CF-5990-4908-B9DC-72BB7304D13A}.Debug|ARM64.ActiveCfg = Debug|Any CPU
		{4700F5CF-5990-4908-B9DC-72BB7304D13A}.Debug|ARM64.Build.0 = Debug|Any CPU
		{4700F5CF-5990-4908-B9DC-72BB7304D13A}.Debug|x64.ActiveCfg = Debug|Any CPU
		{4700F5CF-5990-4908-B9DC-72BB7304D13A}.Debug|x64.Build.0 = Debug|Any CPU
		{4700F5CF-5990-4908-B9DC-72BB7304D13A}.Debug|x86.ActiveCfg = Debug|Any CPU
		{4700F5CF-5990-4908-B9DC-72BB7304D13A}.Debug|x86.Build.0 = Debug|Any CPU
		{4700F5CF-5990-4908-B9DC-72BB7304D13A}.Release|Any CPU.ActiveCfg = Release|Any CPU
		{4700F5CF-5990-4908-B9DC-72BB7304D13A}.Release|Any CPU.Build.0 = Release|Any CPU
		{4700F5CF-5990-4908-B9DC-72BB7304D13A}.Release|ARM.ActiveCfg = Release|Any CPU
		{4700F5CF-5990-4908-B9DC-72BB7304D13A}.Release|ARM.Build.0 = Release|Any CPU
		{4700F5CF-5990-4908-B9DC-72BB7304D13A}.Release|ARM64.ActiveCfg = Release|Any CPU
		{4700F5CF-5990-4908-B9DC-72BB7304D13A}.Release|ARM64.Build.0 = Release|Any CPU
		{4700F5CF-5990-4908-B9DC-72BB7304D13A}.Release|x64.ActiveCfg = Release|Any CPU
		{4700F5CF-5990-4908-B9DC-72BB7304D13A}.Release|x64.Build.0 = Release|Any CPU
		{4700F5CF-5990-4908-B9DC-72BB7304D13A}.Release|x86.ActiveCfg = Release|Any CPU
		{4700F5CF-5990-4908-B9DC-72BB7304D13A}.Release|x86.Build.0 = Release|Any CPU
		{D4B99DD9-64B4-4662-8BFA-10B417F59288}.Debug|Any CPU.ActiveCfg = Debug|Any CPU
		{D4B99DD9-64B4-4662-8BFA-10B417F59288}.Debug|Any CPU.Build.0 = Debug|Any CPU
		{D4B99DD9-64B4-4662-8BFA-10B417F59288}.Debug|ARM.ActiveCfg = Debug|Any CPU
		{D4B99DD9-64B4-4662-8BFA-10B417F59288}.Debug|ARM.Build.0 = Debug|Any CPU
		{D4B99DD9-64B4-4662-8BFA-10B417F59288}.Debug|ARM64.ActiveCfg = Debug|Any CPU
		{D4B99DD9-64B4-4662-8BFA-10B417F59288}.Debug|ARM64.Build.0 = Debug|Any CPU
		{D4B99DD9-64B4-4662-8BFA-10B417F59288}.Debug|x64.ActiveCfg = Debug|Any CPU
		{D4B99DD9-64B4-4662-8BFA-10B417F59288}.Debug|x64.Build.0 = Debug|Any CPU
		{D4B99DD9-64B4-4662-8BFA-10B417F59288}.Debug|x86.ActiveCfg = Debug|Any CPU
		{D4B99DD9-64B4-4662-8BFA-10B417F59288}.Debug|x86.Build.0 = Debug|Any CPU
		{D4B99DD9-64B4-4662-8BFA-10B417F59288}.Release|Any CPU.ActiveCfg = Release|Any CPU
		{D4B99DD9-64B4-4662-8BFA-10B417F59288}.Release|Any CPU.Build.0 = Release|Any CPU
		{D4B99DD9-64B4-4662-8BFA-10B417F59288}.Release|ARM.ActiveCfg = Release|Any CPU
		{D4B99DD9-64B4-4662-8BFA-10B417F59288}.Release|ARM.Build.0 = Release|Any CPU
		{D4B99DD9-64B4-4662-8BFA-10B417F59288}.Release|ARM64.ActiveCfg = Release|Any CPU
		{D4B99DD9-64B4-4662-8BFA-10B417F59288}.Release|ARM64.Build.0 = Release|Any CPU
		{D4B99DD9-64B4-4662-8BFA-10B417F59288}.Release|x64.ActiveCfg = Release|Any CPU
		{D4B99DD9-64B4-4662-8BFA-10B417F59288}.Release|x64.Build.0 = Release|Any CPU
		{D4B99DD9-64B4-4662-8BFA-10B417F59288}.Release|x86.ActiveCfg = Release|Any CPU
		{D4B99DD9-64B4-4662-8BFA-10B417F59288}.Release|x86.Build.0 = Release|Any CPU
		{0E32060F-AEA2-4D03-BD39-858858D1A902}.Debug|Any CPU.ActiveCfg = Debug|Any CPU
		{0E32060F-AEA2-4D03-BD39-858858D1A902}.Debug|Any CPU.Build.0 = Debug|Any CPU
		{0E32060F-AEA2-4D03-BD39-858858D1A902}.Debug|ARM.ActiveCfg = Debug|Any CPU
		{0E32060F-AEA2-4D03-BD39-858858D1A902}.Debug|ARM.Build.0 = Debug|Any CPU
		{0E32060F-AEA2-4D03-BD39-858858D1A902}.Debug|ARM64.ActiveCfg = Debug|Any CPU
		{0E32060F-AEA2-4D03-BD39-858858D1A902}.Debug|ARM64.Build.0 = Debug|Any CPU
		{0E32060F-AEA2-4D03-BD39-858858D1A902}.Debug|x64.ActiveCfg = Debug|Any CPU
		{0E32060F-AEA2-4D03-BD39-858858D1A902}.Debug|x64.Build.0 = Debug|Any CPU
		{0E32060F-AEA2-4D03-BD39-858858D1A902}.Debug|x86.ActiveCfg = Debug|Any CPU
		{0E32060F-AEA2-4D03-BD39-858858D1A902}.Debug|x86.Build.0 = Debug|Any CPU
		{0E32060F-AEA2-4D03-BD39-858858D1A902}.Release|Any CPU.ActiveCfg = Release|Any CPU
		{0E32060F-AEA2-4D03-BD39-858858D1A902}.Release|Any CPU.Build.0 = Release|Any CPU
		{0E32060F-AEA2-4D03-BD39-858858D1A902}.Release|ARM.ActiveCfg = Release|Any CPU
		{0E32060F-AEA2-4D03-BD39-858858D1A902}.Release|ARM.Build.0 = Release|Any CPU
		{0E32060F-AEA2-4D03-BD39-858858D1A902}.Release|ARM64.ActiveCfg = Release|Any CPU
		{0E32060F-AEA2-4D03-BD39-858858D1A902}.Release|ARM64.Build.0 = Release|Any CPU
		{0E32060F-AEA2-4D03-BD39-858858D1A902}.Release|x64.ActiveCfg = Release|Any CPU
		{0E32060F-AEA2-4D03-BD39-858858D1A902}.Release|x64.Build.0 = Release|Any CPU
		{0E32060F-AEA2-4D03-BD39-858858D1A902}.Release|x86.ActiveCfg = Release|Any CPU
		{0E32060F-AEA2-4D03-BD39-858858D1A902}.Release|x86.Build.0 = Release|Any CPU
		{2E1F1CD7-5BC0-490A-9C2A-7FB9CF91A46F}.Debug|Any CPU.ActiveCfg = Debug|Any CPU
		{2E1F1CD7-5BC0-490A-9C2A-7FB9CF91A46F}.Debug|Any CPU.Build.0 = Debug|Any CPU
		{2E1F1CD7-5BC0-490A-9C2A-7FB9CF91A46F}.Debug|ARM.ActiveCfg = Debug|Any CPU
		{2E1F1CD7-5BC0-490A-9C2A-7FB9CF91A46F}.Debug|ARM.Build.0 = Debug|Any CPU
		{2E1F1CD7-5BC0-490A-9C2A-7FB9CF91A46F}.Debug|ARM64.ActiveCfg = Debug|Any CPU
		{2E1F1CD7-5BC0-490A-9C2A-7FB9CF91A46F}.Debug|ARM64.Build.0 = Debug|Any CPU
		{2E1F1CD7-5BC0-490A-9C2A-7FB9CF91A46F}.Debug|x64.ActiveCfg = Debug|Any CPU
		{2E1F1CD7-5BC0-490A-9C2A-7FB9CF91A46F}.Debug|x64.Build.0 = Debug|Any CPU
		{2E1F1CD7-5BC0-490A-9C2A-7FB9CF91A46F}.Debug|x86.ActiveCfg = Debug|Any CPU
		{2E1F1CD7-5BC0-490A-9C2A-7FB9CF91A46F}.Debug|x86.Build.0 = Debug|Any CPU
		{2E1F1CD7-5BC0-490A-9C2A-7FB9CF91A46F}.Release|Any CPU.ActiveCfg = Release|Any CPU
		{2E1F1CD7-5BC0-490A-9C2A-7FB9CF91A46F}.Release|Any CPU.Build.0 = Release|Any CPU
		{2E1F1CD7-5BC0-490A-9C2A-7FB9CF91A46F}.Release|ARM.ActiveCfg = Release|Any CPU
		{2E1F1CD7-5BC0-490A-9C2A-7FB9CF91A46F}.Release|ARM.Build.0 = Release|Any CPU
		{2E1F1CD7-5BC0-490A-9C2A-7FB9CF91A46F}.Release|ARM64.ActiveCfg = Release|Any CPU
		{2E1F1CD7-5BC0-490A-9C2A-7FB9CF91A46F}.Release|ARM64.Build.0 = Release|Any CPU
		{2E1F1CD7-5BC0-490A-9C2A-7FB9CF91A46F}.Release|x64.ActiveCfg = Release|Any CPU
		{2E1F1CD7-5BC0-490A-9C2A-7FB9CF91A46F}.Release|x64.Build.0 = Release|Any CPU
		{2E1F1CD7-5BC0-490A-9C2A-7FB9CF91A46F}.Release|x86.ActiveCfg = Release|Any CPU
		{2E1F1CD7-5BC0-490A-9C2A-7FB9CF91A46F}.Release|x86.Build.0 = Release|Any CPU
		{B5489E4E-4385-4AAF-B75A-8F5DA6779E41}.Debug|Any CPU.ActiveCfg = Debug|Any CPU
		{B5489E4E-4385-4AAF-B75A-8F5DA6779E41}.Debug|Any CPU.Build.0 = Debug|Any CPU
		{B5489E4E-4385-4AAF-B75A-8F5DA6779E41}.Debug|ARM.ActiveCfg = Debug|Any CPU
		{B5489E4E-4385-4AAF-B75A-8F5DA6779E41}.Debug|ARM.Build.0 = Debug|Any CPU
		{B5489E4E-4385-4AAF-B75A-8F5DA6779E41}.Debug|ARM64.ActiveCfg = Debug|Any CPU
		{B5489E4E-4385-4AAF-B75A-8F5DA6779E41}.Debug|ARM64.Build.0 = Debug|Any CPU
		{B5489E4E-4385-4AAF-B75A-8F5DA6779E41}.Debug|x64.ActiveCfg = Debug|Any CPU
		{B5489E4E-4385-4AAF-B75A-8F5DA6779E41}.Debug|x64.Build.0 = Debug|Any CPU
		{B5489E4E-4385-4AAF-B75A-8F5DA6779E41}.Debug|x86.ActiveCfg = Debug|Any CPU
		{B5489E4E-4385-4AAF-B75A-8F5DA6779E41}.Debug|x86.Build.0 = Debug|Any CPU
		{B5489E4E-4385-4AAF-B75A-8F5DA6779E41}.Release|Any CPU.ActiveCfg = Release|Any CPU
		{B5489E4E-4385-4AAF-B75A-8F5DA6779E41}.Release|Any CPU.Build.0 = Release|Any CPU
		{B5489E4E-4385-4AAF-B75A-8F5DA6779E41}.Release|ARM.ActiveCfg = Release|Any CPU
		{B5489E4E-4385-4AAF-B75A-8F5DA6779E41}.Release|ARM.Build.0 = Release|Any CPU
		{B5489E4E-4385-4AAF-B75A-8F5DA6779E41}.Release|ARM64.ActiveCfg = Release|Any CPU
		{B5489E4E-4385-4AAF-B75A-8F5DA6779E41}.Release|ARM64.Build.0 = Release|Any CPU
		{B5489E4E-4385-4AAF-B75A-8F5DA6779E41}.Release|x64.ActiveCfg = Release|Any CPU
		{B5489E4E-4385-4AAF-B75A-8F5DA6779E41}.Release|x64.Build.0 = Release|Any CPU
		{B5489E4E-4385-4AAF-B75A-8F5DA6779E41}.Release|x86.ActiveCfg = Release|Any CPU
		{B5489E4E-4385-4AAF-B75A-8F5DA6779E41}.Release|x86.Build.0 = Release|Any CPU
	EndGlobalSection
	GlobalSection(SolutionProperties) = preSolution
		HideSolutionNode = FALSE
	EndGlobalSection
	GlobalSection(ExtensibilityGlobals) = postSolution
		SolutionGuid = {29DED936-8A8F-43AC-9B34-2E248FF050F0}
	EndGlobalSection
EndGlobal
